
Microsoft Visual Studio Solution File, Format Version 12.00
# Visual Studio Version 17
VisualStudioVersion = 17.14.35806.103 d17.14
MinimumVisualStudioVersion = 10.0.40219.1
Project("{FAE04EC0-301F-11D3-BF4B-00C04F79EFBC}") = "MiddlewareDemo", "MiddlewareDemo\MiddlewareDemo.csproj", "{8B99DB72-2166-48A5-B18A-C3DE2C1F376A}"
EndProject
Global
	GlobalSection(SolutionConfigurationPlatforms) = preSolution
		Debug|Any CPU = Debug|Any CPU
		Release|Any CPU = Release|Any CPU
	EndGlobalSection
	GlobalSection(ProjectConfigurationPlatforms) = postSolution
		{8B99DB72-2166-48A5-B18A-C3DE2C1F376A}.Debug|Any CPU.ActiveCfg = Debug|Any CPU
		{8B99DB72-2166-48A5-B18A-C3DE2C1F376A}.Debug|Any CPU.Build.0 = Debug|Any CPU
		{8B99DB72-2166-48A5-B18A-C3DE2C1F376A}.Release|Any CPU.ActiveCfg = Release|Any CPU
		{8B99DB72-2166-48A5-B18A-C3DE2C1F376A}.Release|Any CPU.Build.0 = Release|Any CPU
	EndGlobalSection
	GlobalSection(SolutionProperties) = preSolution
		HideSolutionNode = FALSE
	EndGlobalSection
	GlobalSection(ExtensibilityGlobals) = postSolution
		SolutionGuid = {512BDF95-5F36-4AB0-9B78-A5BA2F403574}
	EndGlobalSection
EndGlobal
