
Microsoft Visual Studio Solution File, Format Version 12.00
# Visual Studio Version 17
VisualStudioVersion = 17.14.35806.103 d17.14
MinimumVisualStudioVersion = 10.0.40219.1
Project("{FAE04EC0-301F-11D3-BF4B-00C04F79EFBC}") = "StudentManagementAPI", "StudentManagementAPI\StudentManagementAPI.csproj", "{7BD0C64A-8D72-4B4D-BBAB-CCD96F071617}"
EndProject
Project("{FAE04EC0-301F-11D3-BF4B-00C04F79EFBC}") = "StudentManagementTests", "StudentManagementTests\StudentManagementTests.csproj", "{7FC52935-EE7C-4024-B6E7-5EE176E06B20}"
EndProject
Global
	GlobalSection(SolutionConfigurationPlatforms) = preSolution
		Debug|Any CPU = Debug|Any CPU
		Release|Any CPU = Release|Any CPU
	EndGlobalSection
	GlobalSection(ProjectConfigurationPlatforms) = postSolution
		{7BD0C64A-8D72-4B4D-BBAB-CCD96F071617}.Debug|Any CPU.ActiveCfg = Debug|Any CPU
		{7BD0C64A-8D72-4B4D-BBAB-CCD96F071617}.Debug|Any CPU.Build.0 = Debug|Any CPU
		{7BD0C64A-8D72-4B4D-BBAB-CCD96F071617}.Release|Any CPU.ActiveCfg = Release|Any CPU
		{7BD0C64A-8D72-4B4D-BBAB-CCD96F071617}.Release|Any CPU.Build.0 = Release|Any CPU
		{7FC52935-EE7C-4024-B6E7-5EE176E06B20}.Debug|Any CPU.ActiveCfg = Debug|Any CPU
		{7FC52935-EE7C-4024-B6E7-5EE176E06B20}.Debug|Any CPU.Build.0 = Debug|Any CPU
		{7FC52935-EE7C-4024-B6E7-5EE176E06B20}.Release|Any CPU.ActiveCfg = Release|Any CPU
		{7FC52935-EE7C-4024-B6E7-5EE176E06B20}.Release|Any CPU.Build.0 = Release|Any CPU
	EndGlobalSection
	GlobalSection(SolutionProperties) = preSolution
		HideSolutionNode = FALSE
	EndGlobalSection
	GlobalSection(ExtensibilityGlobals) = postSolution
		SolutionGuid = {D1B2DDFF-FF67-4714-B14F-5223701D75B8}
	EndGlobalSection
EndGlobal
