
Microsoft Visual Studio Solution File, Format Version 12.00
# Visual Studio Version 17
VisualStudioVersion = 17.14.35806.103 d17.14
MinimumVisualStudioVersion = 10.0.40219.1
Project("{FAE04EC0-301F-11D3-BF4B-00C04F79EFBC}") = "ApiValidationDemo", "ApiValidationDemo\ApiValidationDemo.csproj", "{9068F33C-2D74-406A-BCE3-3052E7765F83}"
EndProject
Global
	GlobalSection(SolutionConfigurationPlatforms) = preSolution
		Debug|Any CPU = Debug|Any CPU
		Release|Any CPU = Release|Any CPU
	EndGlobalSection
	GlobalSection(ProjectConfigurationPlatforms) = postSolution
		{9068F33C-2D74-406A-BCE3-3052E7765F83}.Debug|Any CPU.ActiveCfg = Debug|Any CPU
		{9068F33C-2D74-406A-BCE3-3052E7765F83}.Debug|Any CPU.Build.0 = Debug|Any CPU
		{9068F33C-2D74-406A-BCE3-3052E7765F83}.Release|Any CPU.ActiveCfg = Release|Any CPU
		{9068F33C-2D74-406A-BCE3-3052E7765F83}.Release|Any CPU.Build.0 = Release|Any CPU
	EndGlobalSection
	GlobalSection(SolutionProperties) = preSolution
		HideSolutionNode = FALSE
	EndGlobalSection
	GlobalSection(ExtensibilityGlobals) = postSolution
		SolutionGuid = {6B96B6ED-1B0E-410F-9E99-D4CE3F22765B}
	EndGlobalSection
EndGlobal
