
Microsoft Visual Studio Solution File, Format Version 12.00
# Visual Studio Version 17
VisualStudioVersion = 17.14.35806.103 d17.14
MinimumVisualStudioVersion = 10.0.40219.1
Project("{FAE04EC0-301F-11D3-BF4B-00C04F79EFBC}") = "CustomSettingsApp", "CustomSettingsApp\CustomSettingsApp.csproj", "{BE3DEFBF-1A2E-4A8B-A9F2-B1D2634149AE}"
EndProject
Global
	GlobalSection(SolutionConfigurationPlatforms) = preSolution
		Debug|Any CPU = Debug|Any CPU
		Release|Any CPU = Release|Any CPU
	EndGlobalSection
	GlobalSection(ProjectConfigurationPlatforms) = postSolution
		{BE3DEFBF-1A2E-4A8B-A9F2-B1D2634149AE}.Debug|Any CPU.ActiveCfg = Debug|Any CPU
		{BE3DEFBF-1A2E-4A8B-A9F2-B1D2634149AE}.Debug|Any CPU.Build.0 = Debug|Any CPU
		{BE3DEFBF-1A2E-4A8B-A9F2-B1D2634149AE}.Release|Any CPU.ActiveCfg = Release|Any CPU
		{BE3DEFBF-1A2E-4A8B-A9F2-B1D2634149AE}.Release|Any CPU.Build.0 = Release|Any CPU
	EndGlobalSection
	GlobalSection(SolutionProperties) = preSolution
		HideSolutionNode = FALSE
	EndGlobalSection
	GlobalSection(ExtensibilityGlobals) = postSolution
		SolutionGuid = {507812F6-6D53-4DCE-8FAB-93F03AAB4879}
	EndGlobalSection
EndGlobal
