
Microsoft Visual Studio Solution File, Format Version 12.00
# Visual Studio Version 17
VisualStudioVersion = 17.14.35806.103 d17.14
MinimumVisualStudioVersion = 10.0.40219.1
Project("{FAE04EC0-301F-11D3-BF4B-00C04F79EFBC}") = "DataInjection", "DataInjection\DataInjection.csproj", "{3E248DE1-7FD7-4D5D-B43A-082EF2ABB7A8}"
EndProject
Global
	GlobalSection(SolutionConfigurationPlatforms) = preSolution
		Debug|Any CPU = Debug|Any CPU
		Release|Any CPU = Release|Any CPU
	EndGlobalSection
	GlobalSection(ProjectConfigurationPlatforms) = postSolution
		{3E248DE1-7FD7-4D5D-B43A-082EF2ABB7A8}.Debug|Any CPU.ActiveCfg = Debug|Any CPU
		{3E248DE1-7FD7-4D5D-B43A-082EF2ABB7A8}.Debug|Any CPU.Build.0 = Debug|Any CPU
		{3E248DE1-7FD7-4D5D-B43A-082EF2ABB7A8}.Release|Any CPU.ActiveCfg = Release|Any CPU
		{3E248DE1-7FD7-4D5D-B43A-082EF2ABB7A8}.Release|Any CPU.Build.0 = Release|Any CPU
	EndGlobalSection
	GlobalSection(SolutionProperties) = preSolution
		HideSolutionNode = FALSE
	EndGlobalSection
	GlobalSection(ExtensibilityGlobals) = postSolution
		SolutionGuid = {FB70D8CF-AD3B-4687-971B-650EBC07D697}
	EndGlobalSection
EndGlobal
